
Microsoft Visual Studio Solution File, Format Version 12.00
# Visual Studio Version 17
VisualStudioVersion = 17.4.33205.214
MinimumVisualStudioVersion = 10.0.40219.1
Project("{9A19103F-16F7-4668-BE54-9A1E7A4F7556}") = "Employees App", "Employees App\Employees App.csproj", "{BEE14CA0-A349-4C81-B2F8-EF205A0F01CA}"
EndProject
Project("{FAE04EC0-301F-11D3-BF4B-00C04F79EFBC}") = "RunEmployeesApp.Tests", "RunEmployeesApp.Tests\RunEmployeesApp.Tests.csproj", "{E7D2371A-9AD7-4951-8D7B-3C8080C2D340}"
EndProject
Global
	GlobalSection(SolutionConfigurationPlatforms) = preSolution
		Debug|Any CPU = Debug|Any CPU
		Release|Any CPU = Release|Any CPU
	EndGlobalSection
	GlobalSection(ProjectConfigurationPlatforms) = postSolution
		{BEE14CA0-A349-4C81-B2F8-EF205A0F01CA}.Debug|Any CPU.ActiveCfg = Debug|Any CPU
		{BEE14CA0-A349-4C81-B2F8-EF205A0F01CA}.Debug|Any CPU.Build.0 = Debug|Any CPU
		{BEE14CA0-A349-4C81-B2F8-EF205A0F01CA}.Release|Any CPU.ActiveCfg = Release|Any CPU
		{BEE14CA0-A349-4C81-B2F8-EF205A0F01CA}.Release|Any CPU.Build.0 = Release|Any CPU
		{E7D2371A-9AD7-4951-8D7B-3C8080C2D340}.Debug|Any CPU.ActiveCfg = Debug|Any CPU
		{E7D2371A-9AD7-4951-8D7B-3C8080C2D340}.Debug|Any CPU.Build.0 = Debug|Any CPU
		{E7D2371A-9AD7-4951-8D7B-3C8080C2D340}.Release|Any CPU.ActiveCfg = Release|Any CPU
		{E7D2371A-9AD7-4951-8D7B-3C8080C2D340}.Release|Any CPU.Build.0 = Release|Any CPU
	EndGlobalSection
	GlobalSection(SolutionProperties) = preSolution
		HideSolutionNode = FALSE
	EndGlobalSection
	GlobalSection(ExtensibilityGlobals) = postSolution
		SolutionGuid = {179B91E2-19AC-4F48-A8B1-CF65ABE40680}
	EndGlobalSection
EndGlobal
